<?xml version="1.0" encoding="utf-8"?>
<Project ToolsVersion="4.0" xmlns="http://schemas.microsoft.com/developer/msbuild/2003">
  <ItemGroup>
    <Filter Include="lexer">
      <UniqueIdentifier>{08624aa8-8478-455c-a161-a42472995667}</UniqueIdentifier>
    </Filter>
    <Filter Include="lexer\model">
      <UniqueIdentifier>{f99c5b63-b2b9-4fda-8444-370b59b30d38}</UniqueIdentifier>
    </Filter>
    <Filter Include="lexer\service">
      <UniqueIdentifier>{114cd992-cd14-4eca-935b-97ef5c0598f7}</UniqueIdentifier>
    </Filter>
    <Filter Include="lexer\model\cpp">
      <UniqueIdentifier>{ab2f7296-4f08-4974-b558-32513105fc43}</UniqueIdentifier>
    </Filter>
    <Filter Include="config">
      <UniqueIdentifier>{c201663b-85fc-4ce4-86c8-6ff64da7f2a3}</UniqueIdentifier>
    </Filter>
    <Filter Include="lexer\exception">
      <UniqueIdentifier>{c1ceafc1-fd56-45ca-82cd-5bae55b8464f}</UniqueIdentifier>
    </Filter>
    <Filter Include="lexer\helpers">
      <UniqueIdentifier>{9929260b-3bd2-474b-bf1a-30d351c24b3c}</UniqueIdentifier>
    </Filter>
  </ItemGroup>
  <ItemGroup>
    <Text Include="ReadMe.txt" />
  </ItemGroup>
  <ItemGroup>
    <ClInclude Include="Token.h">
      <Filter>lexer\model</Filter>
    </ClInclude>
    <ClInclude Include="TokenClass.h">
      <Filter>lexer\model</Filter>
    </ClInclude>
    <ClInclude Include="TokenizerService.h">
      <Filter>lexer\service</Filter>
    </ClInclude>
    <ClInclude Include="TokenizedText.h">
      <Filter>lexer\model</Filter>
    </ClInclude>
    <ClInclude Include="TokenList.h">
      <Filter>lexer\model</Filter>
    </ClInclude>
    <ClInclude Include="targetver.h">
      <Filter>config</Filter>
    </ClInclude>
    <ClInclude Include="stdafx.h">
      <Filter>config</Filter>
    </ClInclude>
    <ClInclude Include="export.h">
      <Filter>config</Filter>
    </ClInclude>
    <ClInclude Include="TokenizerContext.h">
      <Filter>lexer\model</Filter>
    </ClInclude>
    <ClInclude Include="commons.h" />
    <ClInclude Include="TokenizeException.h">
      <Filter>lexer\exception</Filter>
    </ClInclude>
    <ClInclude Include="CharHelper.h">
      <Filter>lexer\helpers</Filter>
    </ClInclude>
    <ClInclude Include="OperatorTokenizeHelper.h">
      <Filter>lexer\helpers</Filter>
    </ClInclude>
    <ClInclude Include="SymbolsTokenizeHelper.h">
      <Filter>lexer\helpers</Filter>
    </ClInclude>
    <ClInclude Include="RegexTokenizerService.h">
      <Filter>lexer\service</Filter>
    </ClInclude>
  </ItemGroup>
  <ItemGroup>
    <ClCompile Include="TokenizerService.cpp">
      <Filter>lexer\service</Filter>
    </ClCompile>
    <ClCompile Include="Token.cpp">
      <Filter>lexer\model\cpp</Filter>
    </ClCompile>
    <ClCompile Include="TokenizedText.cpp">
      <Filter>lexer\model\cpp</Filter>
    </ClCompile>
    <ClCompile Include="stdafx.cpp">
      <Filter>config</Filter>
    </ClCompile>
    <ClCompile Include="dllmain.cpp">
      <Filter>config</Filter>
    </ClCompile>
    <ClCompile Include="TokenList.cpp">
      <Filter>lexer\model\cpp</Filter>
    </ClCompile>
    <ClCompile Include="TokenizerContext.cpp">
      <Filter>lexer\model\cpp</Filter>
    </ClCompile>
    <ClCompile Include="TokenizeException.cpp">
      <Filter>lexer\exception</Filter>
    </ClCompile>
    <ClCompile Include="OperatorTokenizeHelper.cpp">
      <Filter>lexer\helpers</Filter>
    </ClCompile>
    <ClCompile Include="SymbolsTokenizeHelper.cpp">
      <Filter>lexer\helpers</Filter>
    </ClCompile>
    <ClCompile Include="RegexTokenizerService.cpp">
      <Filter>lexer\service</Filter>
    </ClCompile>
  </ItemGroup>
</Project>