<?xml version="1.0" encoding="utf-8"?>
<Project ToolsVersion="4.0" xmlns="http://schemas.microsoft.com/developer/msbuild/2003">
  <ItemGroup>
    <Filter Include="Source Files">
      <UniqueIdentifier>{4FC737F1-C7A5-4376-A066-2A32D752A2FF}</UniqueIdentifier>
      <Extensions>cpp;c;cc;cxx;def;odl;idl;hpj;bat;asm;asmx</Extensions>
    </Filter>
    <Filter Include="Header Files">
      <UniqueIdentifier>{93995380-89BD-4b04-88EB-625FBE52EBFB}</UniqueIdentifier>
      <Extensions>h;hh;hpp;hxx;hm;inl;inc;xsd</Extensions>
    </Filter>
    <Filter Include="Execution">
      <UniqueIdentifier>{a89bed4c-f08c-4e8d-837a-03acb9f0f29e}</UniqueIdentifier>
    </Filter>
    <Filter Include="Model">
      <UniqueIdentifier>{2149f7b6-1278-49dc-bf7d-a67772931e6f}</UniqueIdentifier>
    </Filter>
    <Filter Include="Exceptions">
      <UniqueIdentifier>{98036f3a-61c3-4b68-8326-7610eb7de76d}</UniqueIdentifier>
    </Filter>
    <Filter Include="Resource Files">
      <UniqueIdentifier>{67DA6AB6-F800-4c08-8B7A-83BB121AAD01}</UniqueIdentifier>
      <Extensions>rc;ico;cur;bmp;dlg;rc2;rct;bin;rgs;gif;jpg;jpeg;jpe;resx;tiff;tif;png;wav;mfcribbon-ms</Extensions>
    </Filter>
    <Filter Include="Function">
      <UniqueIdentifier>{efd3144f-5167-42d5-b931-fb73890fe1a7}</UniqueIdentifier>
    </Filter>
    <Filter Include="Service">
      <UniqueIdentifier>{ad220e91-e5fc-46b9-a3df-f599c1745192}</UniqueIdentifier>
    </Filter>
    <Filter Include="Service\Matrix">
      <UniqueIdentifier>{a72b4e92-089a-4298-affd-bc33aad69d9d}</UniqueIdentifier>
    </Filter>
    <Filter Include="Model\Numeric">
      <UniqueIdentifier>{08c27927-4a7e-402e-a2a6-cf186cc75e68}</UniqueIdentifier>
    </Filter>
    <Filter Include="Model\Operator">
      <UniqueIdentifier>{2e803747-2368-4461-aa13-43719e73bf56}</UniqueIdentifier>
    </Filter>
    <Filter Include="Service\Parsing">
      <UniqueIdentifier>{9cccb345-99e9-45b2-b266-2604e09fdb0b}</UniqueIdentifier>
    </Filter>
    <Filter Include="Service\LexicalAnalyze">
      <UniqueIdentifier>{ff9382b4-bee8-429a-9d09-f66f2aa5b02a}</UniqueIdentifier>
    </Filter>
    <Filter Include="Service\LexicalAnalyze\Helpers">
      <UniqueIdentifier>{373b35e9-7575-4d8e-9ab0-ce70a1551742}</UniqueIdentifier>
    </Filter>
    <Filter Include="Service\Math">
      <UniqueIdentifier>{42df83d6-9d5f-4872-82ce-bc650d0221fc}</UniqueIdentifier>
    </Filter>
    <Filter Include="Factories">
      <UniqueIdentifier>{717ff0f1-b58d-47a8-878f-4fd1fcc4e1f3}</UniqueIdentifier>
    </Filter>
  </ItemGroup>
  <ItemGroup>
    <Text Include="ReadMe.txt" />
  </ItemGroup>
  <ItemGroup>
    <ClInclude Include="stdafx.h">
      <Filter>Header Files</Filter>
    </ClInclude>
    <ClInclude Include="targetver.h">
      <Filter>Header Files</Filter>
    </ClInclude>
    <ClInclude Include="export.h">
      <Filter>Header Files</Filter>
    </ClInclude>
    <ClInclude Include="Interpreter.h">
      <Filter>Header Files</Filter>
    </ClInclude>
    <ClInclude Include="functions.h">
      <Filter>Header Files</Filter>
    </ClInclude>
    <ClInclude Include="LexicalAnalyzer.h">
      <Filter>Service\LexicalAnalyze</Filter>
    </ClInclude>
    <ClInclude Include="Tokenizer.h">
      <Filter>Service\LexicalAnalyze</Filter>
    </ClInclude>
    <ClInclude Include="TokensTypes.h">
      <Filter>Service\LexicalAnalyze</Filter>
    </ClInclude>
    <ClInclude Include="TokenizerHelper.h">
      <Filter>Service\LexicalAnalyze\Helpers</Filter>
    </ClInclude>
    <ClInclude Include="NumberReader.h">
      <Filter>Service\LexicalAnalyze\Helpers</Filter>
    </ClInclude>
    <ClInclude Include="LexicalBalanceHelper.h">
      <Filter>Service\LexicalAnalyze</Filter>
    </ClInclude>
    <ClInclude Include="Parser.h">
      <Filter>Service\Parsing</Filter>
    </ClInclude>
    <ClInclude Include="CodeExecutor.h">
      <Filter>Execution</Filter>
    </ClInclude>
    <ClInclude Include="Function.h">
      <Filter>Function</Filter>
    </ClInclude>
    <ClInclude Include="SizeFunction.h">
      <Filter>Function</Filter>
    </ClInclude>
    <ClInclude Include="CalcException.h">
      <Filter>Exceptions</Filter>
    </ClInclude>
    <ClInclude Include="CodeGeneratorException.h">
      <Filter>Exceptions</Filter>
    </ClInclude>
    <ClInclude Include="Operator.h">
      <Filter>Model\Operator</Filter>
    </ClInclude>
    <ClInclude Include="OperatorException.h">
      <Filter>Exceptions</Filter>
    </ClInclude>
    <ClInclude Include="Numeric.h">
      <Filter>Model\Numeric</Filter>
    </ClInclude>
    <ClInclude Include="ComplexNumber.h">
      <Filter>Model\Numeric</Filter>
    </ClInclude>
    <ClInclude Include="Matrix.h">
      <Filter>Model\Numeric</Filter>
    </ClInclude>
    <ClInclude Include="Value.h">
      <Filter>Model\Numeric</Filter>
    </ClInclude>
    <ClInclude Include="Data.h">
      <Filter>Model</Filter>
    </ClInclude>
    <ClInclude Include="CastException.h">
      <Filter>Exceptions</Filter>
    </ClInclude>
    <ClInclude Include="EvalException.h">
      <Filter>Exceptions</Filter>
    </ClInclude>
    <ClInclude Include="SNumber.h">
      <Filter>Model</Filter>
    </ClInclude>
    <ClInclude Include="Token.h">
      <Filter>Model</Filter>
    </ClInclude>
    <ClInclude Include="AdditionOperator.h">
      <Filter>Model\Operator</Filter>
    </ClInclude>
    <ClInclude Include="SubtractionOperator.h">
      <Filter>Model\Operator</Filter>
    </ClInclude>
    <ClInclude Include="DivisionOperator.h">
      <Filter>Model\Operator</Filter>
    </ClInclude>
    <ClInclude Include="UnimplementedException.h">
      <Filter>Exceptions</Filter>
    </ClInclude>
    <ClInclude Include="MultiplicationOperator.h">
      <Filter>Model\Operator</Filter>
    </ClInclude>
    <ClInclude Include="ExponentiationOperator.h">
      <Filter>Model\Operator</Filter>
    </ClInclude>
    <ClInclude Include="TypePromotor.h">
      <Filter>Header Files</Filter>
    </ClInclude>
    <ClInclude Include="USubtractionOperator.h">
      <Filter>Model\Operator</Filter>
    </ClInclude>
    <ClInclude Include="ElementWiseMultiplication.h">
      <Filter>Model\Operator</Filter>
    </ClInclude>
    <ClInclude Include="RightArrayDivision.h">
      <Filter>Model\Operator</Filter>
    </ClInclude>
    <ClInclude Include="Math.h">
      <Filter>Service\Math</Filter>
    </ClInclude>
    <ClInclude Include="MatrixExponentiationOperator.h">
      <Filter>Model\Operator</Filter>
    </ClInclude>
    <ClInclude Include="NeOperator.h">
      <Filter>Model\Operator</Filter>
    </ClInclude>
    <ClInclude Include="LTOperator.h">
      <Filter>Model\Operator</Filter>
    </ClInclude>
    <ClInclude Include="LeOperator.h">
      <Filter>Model\Operator</Filter>
    </ClInclude>
    <ClInclude Include="GeOperator.h">
      <Filter>Model\Operator</Filter>
    </ClInclude>
    <ClInclude Include="Gt.h">
      <Filter>Model\Operator</Filter>
    </ClInclude>
    <ClInclude Include="EqOperator.h">
      <Filter>Model\Operator</Filter>
    </ClInclude>
    <ClInclude Include="LeftArrayDivision.h">
      <Filter>Model\Operator</Filter>
    </ClInclude>
    <ClInclude Include="i_order_map.h">
      <Filter>Model</Filter>
    </ClInclude>
    <ClInclude Include="AssignmentOperator.h">
      <Filter>Model\Operator</Filter>
    </ClInclude>
    <ClInclude Include="Assignment.h">
      <Filter>Model</Filter>
    </ClInclude>
    <ClInclude Include="MatrixBuilder.h">
      <Filter>Service\Matrix</Filter>
    </ClInclude>
    <ClInclude Include="IMatrixBuilder.h">
      <Filter>Service\Matrix</Filter>
    </ClInclude>
    <ClInclude Include="OperatorsFactory.h">
      <Filter>Factories</Filter>
    </ClInclude>
    <ClInclude Include="MatrixBuilderFactory.h">
      <Filter>Factories</Filter>
    </ClInclude>
    <ClInclude Include="TranspositionOperator.h">
      <Filter>Model\Operator</Filter>
    </ClInclude>
    <ClInclude Include="FunctionFactory.h">
      <Filter>Factories</Filter>
    </ClInclude>
    <ClInclude Include="ExternalFunction.h">
      <Filter>Function</Filter>
    </ClInclude>
    <ClInclude Include="ExternalFunctionLoader.h">
      <Filter>Function</Filter>
    </ClInclude>
    <ClInclude Include="Output.h">
      <Filter>Model</Filter>
    </ClInclude>
    <ClInclude Include="SignalEmitter.h">
      <Filter>Service</Filter>
    </ClInclude>
    <ClInclude Include="FileLoaderException.h">
      <Filter>Exceptions</Filter>
    </ClInclude>
    <ClInclude Include="CodeGenerator.h">
      <Filter>Service</Filter>
    </ClInclude>
    <ClInclude Include="FileLoader.h">
      <Filter>Service</Filter>
    </ClInclude>
  </ItemGroup>
  <ItemGroup>
    <ClCompile Include="stdafx.cpp">
      <Filter>Source Files</Filter>
    </ClCompile>
    <ClCompile Include="Calc.cpp">
      <Filter>Source Files</Filter>
    </ClCompile>
    <ClCompile Include="dllmain.cpp">
      <Filter>Source Files</Filter>
    </ClCompile>
    <ClCompile Include="Interpreter.cpp">
      <Filter>Source Files</Filter>
    </ClCompile>
    <ClCompile Include="LexicalAnalyzer.cpp">
      <Filter>Service\LexicalAnalyze</Filter>
    </ClCompile>
    <ClCompile Include="Tokenizer.cpp">
      <Filter>Service\LexicalAnalyze</Filter>
    </ClCompile>
    <ClCompile Include="TokenizerHelper.cpp">
      <Filter>Service\LexicalAnalyze\Helpers</Filter>
    </ClCompile>
    <ClCompile Include="NumberReader.cpp">
      <Filter>Service\LexicalAnalyze\Helpers</Filter>
    </ClCompile>
    <ClCompile Include="LexicalBalanceHelper.cpp">
      <Filter>Service\LexicalAnalyze</Filter>
    </ClCompile>
    <ClCompile Include="Parser.cpp">
      <Filter>Service\Parsing</Filter>
    </ClCompile>
    <ClCompile Include="CodeExecutor.cpp">
      <Filter>Execution</Filter>
    </ClCompile>
    <ClCompile Include="CodeExecutorMatrix.cpp">
      <Filter>Execution</Filter>
    </ClCompile>
    <ClCompile Include="Function.cpp">
      <Filter>Function</Filter>
    </ClCompile>
    <ClCompile Include="SizeFunction.cpp">
      <Filter>Function</Filter>
    </ClCompile>
    <ClCompile Include="CodeExecutorFunction.cpp">
      <Filter>Execution</Filter>
    </ClCompile>
    <ClCompile Include="CalcException.cpp">
      <Filter>Exceptions</Filter>
    </ClCompile>
    <ClCompile Include="CodeGeneratorException.cpp">
      <Filter>Exceptions</Filter>
    </ClCompile>
    <ClCompile Include="Operator.cpp">
      <Filter>Model\Operator</Filter>
    </ClCompile>
    <ClCompile Include="OperatorException.cpp">
      <Filter>Exceptions</Filter>
    </ClCompile>
    <ClCompile Include="Numeric.cpp">
      <Filter>Model\Numeric</Filter>
    </ClCompile>
    <ClCompile Include="ComplexNumber.cpp">
      <Filter>Model\Numeric</Filter>
    </ClCompile>
    <ClCompile Include="Matrix.cpp">
      <Filter>Model\Numeric</Filter>
    </ClCompile>
    <ClCompile Include="Value.cpp">
      <Filter>Model\Numeric</Filter>
    </ClCompile>
    <ClCompile Include="Data.cpp">
      <Filter>Model</Filter>
    </ClCompile>
    <ClCompile Include="CastException.cpp">
      <Filter>Exceptions</Filter>
    </ClCompile>
    <ClCompile Include="EvalException.cpp">
      <Filter>Exceptions</Filter>
    </ClCompile>
    <ClCompile Include="SNumber.cpp">
      <Filter>Model</Filter>
    </ClCompile>
    <ClCompile Include="Token.cpp">
      <Filter>Model</Filter>
    </ClCompile>
    <ClCompile Include="AdditionOperator.cpp">
      <Filter>Model\Operator</Filter>
    </ClCompile>
    <ClCompile Include="SubtractionOperator.cpp">
      <Filter>Model\Operator</Filter>
    </ClCompile>
    <ClCompile Include="DivisionOperator.cpp">
      <Filter>Model\Operator</Filter>
    </ClCompile>
    <ClCompile Include="UnimplementedException.cpp">
      <Filter>Exceptions</Filter>
    </ClCompile>
    <ClCompile Include="MultiplicationOperator.cpp">
      <Filter>Model\Operator</Filter>
    </ClCompile>
    <ClCompile Include="ExponentiationOperator.cpp">
      <Filter>Model\Operator</Filter>
    </ClCompile>
    <ClCompile Include="TypePromotor.cpp">
      <Filter>Source Files</Filter>
    </ClCompile>
    <ClCompile Include="USubtractionOperator.cpp">
      <Filter>Model\Operator</Filter>
    </ClCompile>
    <ClCompile Include="ElementWiseMultiplication.cpp">
      <Filter>Model\Operator</Filter>
    </ClCompile>
    <ClCompile Include="RightArrayDivision.cpp">
      <Filter>Model\Operator</Filter>
    </ClCompile>
    <ClCompile Include="Math.cpp">
      <Filter>Service\Math</Filter>
    </ClCompile>
    <ClCompile Include="MatrixExponentiationOperator.cpp">
      <Filter>Model\Operator</Filter>
    </ClCompile>
    <ClCompile Include="EqOperator.cpp">
      <Filter>Model\Operator</Filter>
    </ClCompile>
    <ClCompile Include="GeOperator.cpp">
      <Filter>Model\Operator</Filter>
    </ClCompile>
    <ClCompile Include="Gt.cpp">
      <Filter>Model\Operator</Filter>
    </ClCompile>
    <ClCompile Include="LeOperator.cpp">
      <Filter>Model\Operator</Filter>
    </ClCompile>
    <ClCompile Include="LTOperator.cpp">
      <Filter>Model\Operator</Filter>
    </ClCompile>
    <ClCompile Include="NeOperator.cpp">
      <Filter>Model\Operator</Filter>
    </ClCompile>
    <ClCompile Include="LeftArrayDivision.cpp">
      <Filter>Model\Operator</Filter>
    </ClCompile>
    <ClCompile Include="i_order_map.cpp">
      <Filter>Model</Filter>
    </ClCompile>
    <ClCompile Include="AssignmentOperator.cpp">
      <Filter>Model\Operator</Filter>
    </ClCompile>
    <ClCompile Include="ParserAssignment.cpp">
      <Filter>Service\Parsing</Filter>
    </ClCompile>
    <ClCompile Include="Assignment.cpp">
      <Filter>Model</Filter>
    </ClCompile>
    <ClCompile Include="MatrixBuilder.cpp">
      <Filter>Service\Matrix</Filter>
    </ClCompile>
    <ClCompile Include="IMatrixBuilder.cpp">
      <Filter>Service\Matrix</Filter>
    </ClCompile>
    <ClCompile Include="OperatorsFactory.cpp">
      <Filter>Factories</Filter>
    </ClCompile>
    <ClCompile Include="MatrixBuilderFactory.cpp">
      <Filter>Factories</Filter>
    </ClCompile>
    <ClCompile Include="Output.cpp">
      <Filter>Model</Filter>
    </ClCompile>
    <ClCompile Include="TranspositionOperator.cpp">
      <Filter>Model\Operator</Filter>
    </ClCompile>
    <ClCompile Include="CodeExecutorDefinitions.cpp">
      <Filter>Execution</Filter>
    </ClCompile>
    <ClCompile Include="CodeExecutorIF.cpp">
      <Filter>Execution</Filter>
    </ClCompile>
    <ClCompile Include="CodeExecutorWHILE.cpp">
      <Filter>Execution</Filter>
    </ClCompile>
    <ClCompile Include="FunctionFactory.cpp">
      <Filter>Factories</Filter>
    </ClCompile>
    <ClCompile Include="ExternalFunction.cpp">
      <Filter>Function</Filter>
    </ClCompile>
    <ClCompile Include="ExternalFunctionLoader.cpp">
      <Filter>Function</Filter>
    </ClCompile>
    <ClCompile Include="SignalEmitter.cpp">
      <Filter>Service</Filter>
    </ClCompile>
    <ClCompile Include="CodeExecutorAssignment.cpp">
      <Filter>Execution</Filter>
    </ClCompile>
    <ClCompile Include="CodeExecutorId.cpp">
      <Filter>Execution</Filter>
    </ClCompile>
    <ClCompile Include="FileLoaderException.cpp">
      <Filter>Exceptions</Filter>
    </ClCompile>
    <ClCompile Include="CodeGenerator.cpp">
      <Filter>Service</Filter>
    </ClCompile>
    <ClCompile Include="FileLoader.cpp">
      <Filter>Service</Filter>
    </ClCompile>
  </ItemGroup>
</Project>