<?xml version="1.0" encoding="utf-8"?>
<Project ToolsVersion="4.0" xmlns="http://schemas.microsoft.com/developer/msbuild/2003">
  <ItemGroup>
    <ClCompile Include="main.cpp" />
    <ClCompile Include="TokenMatcherTest.cpp">
      <Filter>lexer\helper</Filter>
    </ClCompile>
  </ItemGroup>
  <ItemGroup>
    <Filter Include="lexer">
      <UniqueIdentifier>{63777fd7-feff-4e57-8bf7-f78ac1ff4985}</UniqueIdentifier>
    </Filter>
    <Filter Include="lexer\helper">
      <UniqueIdentifier>{cd6d7c41-2aca-436f-bc22-213cdd547c90}</UniqueIdentifier>
    </Filter>
  </ItemGroup>
  <ItemGroup>
    <ClInclude Include="TokenMatcherTest.h">
      <Filter>lexer\helper</Filter>
    </ClInclude>
  </ItemGroup>
</Project>