<?xml version="1.0" encoding="utf-8"?>
<Project ToolsVersion="4.0" xmlns="http://schemas.microsoft.com/developer/msbuild/2003">
  <ItemGroup>
    <ClCompile Include="main.cpp" />
  </ItemGroup>
  <ItemGroup>
    <Filter Include="lexer">
      <UniqueIdentifier>{63777fd7-feff-4e57-8bf7-f78ac1ff4985}</UniqueIdentifier>
    </Filter>
  </ItemGroup>
  <ItemGroup>
    <ClInclude Include="RegexTokenizerTest.h">
      <Filter>lexer</Filter>
    </ClInclude>
  </ItemGroup>
</Project>